// !$*UTF8*$!
{
	archiveVersion = 1;
	classes = {
	};
	objectVersion = 50;
	objects = {

/* Begin PBXFileReference section */
		9400E107215AD7BE00FC0FA0 /* AKP_glmm */ = {isa = PBXFileReference; lastKnownFileType = folder; path = AKP_glmm; sourceTree = "<group>"; };
		9400E108215AD7BE00FC0FA0 /* source_mixtures */ = {isa = PBXFileReference; lastKnownFileType = folder; path = source_mixtures; sourceTree = "<group>"; };
		9400E109215AD7BE00FC0FA0 /* logistic_community_glmm */ = {isa = PBXFileReference; lastKnownFileType = folder; path = logistic_community_glmm; sourceTree = "<group>"; };
		9400E10A215AD7BE00FC0FA0 /* cophylogeny */ = {isa = PBXFileReference; lastKnownFileType = folder; path = cophylogeny; sourceTree = "<group>"; };
/* End PBXFileReference section */

/* Begin PBXGroup section */
		9400E100215AD77800FC0FA0 = {
			isa = PBXGroup;
			children = (
				9400E107215AD7BE00FC0FA0 /* AKP_glmm */,
				9400E10A215AD7BE00FC0FA0 /* cophylogeny */,
				9400E109215AD7BE00FC0FA0 /* logistic_community_glmm */,
				9400E108215AD7BE00FC0FA0 /* source_mixtures */,
			);
			sourceTree = "<group>";
		};
/* End PBXGroup section */

/* Begin PBXProject section */
		9400E101215AD77800FC0FA0 /* Project object */ = {
			isa = PBXProject;
			attributes = {
				LastUpgradeCheck = 1000;
			};
			buildConfigurationList = 9400E104215AD77800FC0FA0 /* Build configuration list for PBXProject "stan_models" */;
			compatibilityVersion = "Xcode 9.3";
			developmentRegion = en;
			hasScannedForEncodings = 0;
			knownRegions = (
				en,
			);
			mainGroup = 9400E100215AD77800FC0FA0;
			projectDirPath = "";
			projectRoot = "";
			targets = (
			);
		};
/* End PBXProject section */

/* Begin XCBuildConfiguration section */
		9400E105215AD77800FC0FA0 /* Debug */ = {
			isa = XCBuildConfiguration;
			buildSettings = {
			};
			name = Debug;
		};
		9400E106215AD77800FC0FA0 /* Release */ = {
			isa = XCBuildConfiguration;
			buildSettings = {
			};
			name = Release;
		};
/* End XCBuildConfiguration section */

/* Begin XCConfigurationList section */
		9400E104215AD77800FC0FA0 /* Build configuration list for PBXProject "stan_models" */ = {
			isa = XCConfigurationList;
			buildConfigurations = (
				9400E105215AD77800FC0FA0 /* Debug */,
				9400E106215AD77800FC0FA0 /* Release */,
			);
			defaultConfigurationIsVisible = 0;
			defaultConfigurationName = Release;
		};
/* End XCConfigurationList section */
	};
	rootObject = 9400E101215AD77800FC0FA0 /* Project object */;
}
